// !$*UTF8*$!
{
	archiveVersion = 1;
	classes = {
	};
	objectVersion = 46;
	objects = {

/* Begin PBXBuildFile section */
		391A47A81C8BCC3F008535A3 /* AppDelegate.swift in Sources */ = {isa = PBXBuildFile; fileRef = 391A47A71C8BCC3F008535A3 /* AppDelegate.swift */; };
		391A47AA1C8BCC3F008535A3 /* ViewController.swift in Sources */ = {isa = PBXBuildFile; fileRef = 391A47A91C8BCC3F008535A3 /* ViewController.swift */; };
		391A47AD1C8BCC3F008535A3 /* Main.storyboard in Resources */ = {isa = PBXBuildFile; fileRef = 391A47AB1C8BCC3F008535A3 /* Main.storyboard */; };
		391A47AF1C8BCC3F008535A3 /* Assets.xcassets in Resources */ = {isa = PBXBuildFile; fileRef = 391A47AE1C8BCC3F008535A3 /* Assets.xcassets */; };
		391A47B21C8BCC40008535A3 /* LaunchScreen.storyboard in Resources */ = {isa = PBXBuildFile; fileRef = 391A47B01C8BCC40008535A3 /* LaunchScreen.storyboard */; };
		391A47BD1C8BCC40008535A3 /* TechPodTests.swift in Sources */ = {isa = PBXBuildFile; fileRef = 391A47BC1C8BCC40008535A3 /* TechPodTests.swift */; };
		391A47C81C8BCC40008535A3 /* TechPodUITests.swift in Sources */ = {isa = PBXBuildFile; fileRef = 391A47C71C8BCC40008535A3 /* TechPodUITests.swift */; };
		391A47D71C8BCC95008535A3 /* ListTableViewCell.swift in Sources */ = {isa = PBXBuildFile; fileRef = 391A47D51C8BCC95008535A3 /* ListTableViewCell.swift */; };
		391A47D81C8BCC95008535A3 /* ListTableViewCell.xib in Resources */ = {isa = PBXBuildFile; fileRef = 391A47D61C8BCC95008535A3 /* ListTableViewCell.xib */; };
		393C2E5F1C8C73B700B54F9C /* One_way_or_another.mp3 in Resources */ = {isa = PBXBuildFile; fileRef = 393C2E5C1C8C73B700B54F9C /* One_way_or_another.mp3 */; };
		393C2E601C8C73B700B54F9C /* shut_up_and_dance.mp3 in Resources */ = {isa = PBXBuildFile; fileRef = 393C2E5D1C8C73B700B54F9C /* shut_up_and_dance.mp3 */; };
		393C2E611C8C73B700B54F9C /* something_new.mp3 in Resources */ = {isa = PBXBuildFile; fileRef = 393C2E5E1C8C73B700B54F9C /* something_new.mp3 */; };
		393C2E661C8C777500B54F9C /* one_way_or_another.jpeg in Resources */ = {isa = PBXBuildFile; fileRef = 393C2E631C8C777500B54F9C /* one_way_or_another.jpeg */; };
		393C2E671C8C777500B54F9C /* shut_up_and_dance.jpg in Resources */ = {isa = PBXBuildFile; fileRef = 393C2E641C8C777500B54F9C /* shut_up_and_dance.jpg */; };
		393C2E681C8C777500B54F9C /* something_new.jpg in Resources */ = {isa = PBXBuildFile; fileRef = 393C2E651C8C777500B54F9C /* something_new.jpg */; };
		393C2E6A1C8C7AEA00B54F9C /* AVFoundation.framework in Frameworks */ = {isa = PBXBuildFile; fileRef = 393C2E691C8C7AE900B54F9C /* AVFoundation.framework */; };
/* End PBXBuildFile section */

/* Begin PBXContainerItemProxy section */
		391A47B91C8BCC40008535A3 /* PBXContainerItemProxy */ = {
			isa = PBXContainerItemProxy;
			containerPortal = 391A479C1C8BCC3F008535A3 /* Project object */;
			proxyType = 1;
			remoteGlobalIDString = 391A47A31C8BCC3F008535A3;
			remoteInfo = TechPod;
		};
		391A47C41C8BCC40008535A3 /* PBXContainerItemProxy */ = {
			isa = PBXContainerItemProxy;
			containerPortal = 391A479C1C8BCC3F008535A3 /* Project object */;
			proxyType = 1;
			remoteGlobalIDString = 391A47A31C8BCC3F008535A3;
			remoteInfo = TechPod;
		};
/* End PBXContainerItemProxy section */

/* Begin PBXFileReference section */
		391A47A41C8BCC3F008535A3 /* TechPod.app */ = {isa = PBXFileReference; explicitFileType = wrapper.application; includeInIndex = 0; path = TechPod.app; sourceTree = BUILT_PRODUCTS_DIR; };
		391A47A71C8BCC3F008535A3 /* AppDelegate.swift */ = {isa = PBXFileReference; lastKnownFileType = sourcecode.swift; path = AppDelegate.swift; sourceTree = "<group>"; };
		391A47A91C8BCC3F008535A3 /* ViewController.swift */ = {isa = PBXFileReference; lastKnownFileType = sourcecode.swift; path = ViewController.swift; sourceTree = "<group>"; };
		391A47AC1C8BCC3F008535A3 /* Base */ = {isa = PBXFileReference; lastKnownFileType = file.storyboard; name = Base; path = Base.lproj/Main.storyboard; sourceTree = "<group>"; };
		391A47AE1C8BCC3F008535A3 /* Assets.xcassets */ = {isa = PBXFileReference; lastKnownFileType = folder.assetcatalog; path = Assets.xcassets; sourceTree = "<group>"; };
		391A47B11C8BCC40008535A3 /* Base */ = {isa = PBXFileReference; lastKnownFileType = file.storyboard; name = Base; path = Base.lproj/LaunchScreen.storyboard; sourceTree = "<group>"; };
		391A47B31C8BCC40008535A3 /* Info.plist */ = {isa = PBXFileReference; lastKnownFileType = text.plist.xml; path = Info.plist; sourceTree = "<group>"; };
		391A47B81C8BCC40008535A3 /* TechPodTests.xctest */ = {isa = PBXFileReference; explicitFileType = wrapper.cfbundle; includeInIndex = 0; path = TechPodTests.xctest; sourceTree = BUILT_PRODUCTS_DIR; };
		391A47BC1C8BCC40008535A3 /* TechPodTests.swift */ = {isa = PBXFileReference; lastKnownFileType = sourcecode.swift; path = TechPodTests.swift; sourceTree = "<group>"; };
		391A47BE1C8BCC40008535A3 /* Info.plist */ = {isa = PBXFileReference; lastKnownFileType = text.plist.xml; path = Info.plist; sourceTree = "<group>"; };
		391A47C31C8BCC40008535A3 /* TechPodUITests.xctest */ = {isa = PBXFileReference; explicitFileType = wrapper.cfbundle; includeInIndex = 0; path = TechPodUITests.xctest; sourceTree = BUILT_PRODUCTS_DIR; };
		391A47C71C8BCC40008535A3 /* TechPodUITests.swift */ = {isa = PBXFileReference; lastKnownFileType = sourcecode.swift; path = TechPodUITests.swift; sourceTree = "<group>"; };
		391A47C91C8BCC40008535A3 /* Info.plist */ = {isa = PBXFileReference; lastKnownFileType = text.plist.xml; path = Info.plist; sourceTree = "<group>"; };
		391A47D51C8BCC95008535A3 /* ListTableViewCell.swift */ = {isa = PBXFileReference; fileEncoding = 4; lastKnownFileType = sourcecode.swift; path = ListTableViewCell.swift; sourceTree = "<group>"; };
		391A47D61C8BCC95008535A3 /* ListTableViewCell.xib */ = {isa = PBXFileReference; fileEncoding = 4; lastKnownFileType = file.xib; path = ListTableViewCell.xib; sourceTree = "<group>"; };
		393C2E5C1C8C73B700B54F9C /* One_way_or_another.mp3 */ = {isa = PBXFileReference; lastKnownFileType = audio.mp3; path = One_way_or_another.mp3; sourceTree = "<group>"; };
		393C2E5D1C8C73B700B54F9C /* shut_up_and_dance.mp3 */ = {isa = PBXFileReference; lastKnownFileType = audio.mp3; path = shut_up_and_dance.mp3; sourceTree = "<group>"; };
		393C2E5E1C8C73B700B54F9C /* something_new.mp3 */ = {isa = PBXFileReference; lastKnownFileType = audio.mp3; path = something_new.mp3; sourceTree = "<group>"; };
		393C2E631C8C777500B54F9C /* one_way_or_another.jpeg */ = {isa = PBXFileReference; lastKnownFileType = image.jpeg; path = one_way_or_another.jpeg; sourceTree = "<group>"; };
		393C2E641C8C777500B54F9C /* shut_up_and_dance.jpg */ = {isa = PBXFileReference; lastKnownFileType = image.jpeg; path = shut_up_and_dance.jpg; sourceTree = "<group>"; };
		393C2E651C8C777500B54F9C /* something_new.jpg */ = {isa = PBXFileReference; lastKnownFileType = image.jpeg; path = something_new.jpg; sourceTree = "<group>"; };
		393C2E691C8C7AE900B54F9C /* AVFoundation.framework */ = {isa = PBXFileReference; lastKnownFileType = wrapper.framework; name = AVFoundation.framework; path = System/Library/Frameworks/AVFoundation.framework; sourceTree = SDKROOT; };
/* End PBXFileReference section */

/* Begin PBXFrameworksBuildPhase section */
		391A47A11C8BCC3F008535A3 /* Frameworks */ = {
			isa = PBXFrameworksBuildPhase;
			buildActionMask = 2147483647;
			files = (
				393C2E6A1C8C7AEA00B54F9C /* AVFoundation.framework in Frameworks */,
			);
			runOnlyForDeploymentPostprocessing = 0;
		};
		391A47B51C8BCC40008535A3 /* Frameworks */ = {
			isa = PBXFrameworksBuildPhase;
			buildActionMask = 2147483647;
			files = (
			);
			runOnlyForDeploymentPostprocessing = 0;
		};
		391A47C01C8BCC40008535A3 /* Frameworks */ = {
			isa = PBXFrameworksBuildPhase;
			buildActionMask = 2147483647;
			files = (
			);
			runOnlyForDeploymentPostprocessing = 0;
		};
/* End PBXFrameworksBuildPhase section */

/* Begin PBXGroup section */
		391A479B1C8BCC3F008535A3 = {
			isa = PBXGroup;
			children = (
				393C2E691C8C7AE900B54F9C /* AVFoundation.framework */,
				391A47A61C8BCC3F008535A3 /* TechPod */,
				391A47BB1C8BCC40008535A3 /* TechPodTests */,
				391A47C61C8BCC40008535A3 /* TechPodUITests */,
				391A47A51C8BCC3F008535A3 /* Products */,
			);
			sourceTree = "<group>";
		};
		391A47A51C8BCC3F008535A3 /* Products */ = {
			isa = PBXGroup;
			children = (
				391A47A41C8BCC3F008535A3 /* TechPod.app */,
				391A47B81C8BCC40008535A3 /* TechPodTests.xctest */,
				391A47C31C8BCC40008535A3 /* TechPodUITests.xctest */,
			);
			name = Products;
			sourceTree = "<group>";
		};
		391A47A61C8BCC3F008535A3 /* TechPod */ = {
			isa = PBXGroup;
			children = (
				393C2E621C8C777500B54F9C /* Images */,
				393C2E5B1C8C73B700B54F9C /* Music */,
				391A47A71C8BCC3F008535A3 /* AppDelegate.swift */,
				391A47A91C8BCC3F008535A3 /* ViewController.swift */,
				391A47D51C8BCC95008535A3 /* ListTableViewCell.swift */,
				391A47D61C8BCC95008535A3 /* ListTableViewCell.xib */,
				391A47AB1C8BCC3F008535A3 /* Main.storyboard */,
				391A47AE1C8BCC3F008535A3 /* Assets.xcassets */,
				391A47B01C8BCC40008535A3 /* LaunchScreen.storyboard */,
				391A47B31C8BCC40008535A3 /* Info.plist */,
			);
			path = TechPod;
			sourceTree = "<group>";
		};
		391A47BB1C8BCC40008535A3 /* TechPodTests */ = {
			isa = PBXGroup;
			children = (
				391A47BC1C8BCC40008535A3 /* TechPodTests.swift */,
				391A47BE1C8BCC40008535A3 /* Info.plist */,
			);
			path = TechPodTests;
			sourceTree = "<group>";
		};
		391A47C61C8BCC40008535A3 /* TechPodUITests */ = {
			isa = PBXGroup;
			children = (
				391A47C71C8BCC40008535A3 /* TechPodUITests.swift */,
				391A47C91C8BCC40008535A3 /* Info.plist */,
			);
			path = TechPodUITests;
			sourceTree = "<group>";
		};
		393C2E5B1C8C73B700B54F9C /* Music */ = {
			isa = PBXGroup;
			children = (
				393C2E5C1C8C73B700B54F9C /* One_way_or_another.mp3 */,
				393C2E5D1C8C73B700B54F9C /* shut_up_and_dance.mp3 */,
				393C2E5E1C8C73B700B54F9C /* something_new.mp3 */,
			);
			path = Music;
			sourceTree = "<group>";
		};
		393C2E621C8C777500B54F9C /* Images */ = {
			isa = PBXGroup;
			children = (
				393C2E631C8C777500B54F9C /* one_way_or_another.jpeg */,
				393C2E641C8C777500B54F9C /* shut_up_and_dance.jpg */,
				393C2E651C8C777500B54F9C /* something_new.jpg */,
			);
			path = Images;
			sourceTree = "<group>";
		};
/* End PBXGroup section */

/* Begin PBXNativeTarget section */
		391A47A31C8BCC3F008535A3 /* TechPod */ = {
			isa = PBXNativeTarget;
			buildConfigurationList = 391A47CC1C8BCC40008535A3 /* Build configuration list for PBXNativeTarget "TechPod" */;
			buildPhases = (
				391A47A01C8BCC3F008535A3 /* Sources */,
				391A47A11C8BCC3F008535A3 /* Frameworks */,
				391A47A21C8BCC3F008535A3 /* Resources */,
			);
			buildRules = (
			);
			dependencies = (
			);
			name = TechPod;
			productName = TechPod;
			productReference = 391A47A41C8BCC3F008535A3 /* TechPod.app */;
			productType = "com.apple.product-type.application";
		};
		391A47B71C8BCC40008535A3 /* TechPodTests */ = {
			isa = PBXNativeTarget;
			buildConfigurationList = 391A47CF1C8BCC40008535A3 /* Build configuration list for PBXNativeTarget "TechPodTests" */;
			buildPhases = (
				391A47B41C8BCC40008535A3 /* Sources */,
				391A47B51C8BCC40008535A3 /* Frameworks */,
				391A47B61C8BCC40008535A3 /* Resources */,
			);
			buildRules = (
			);
			dependencies = (
				391A47BA1C8BCC40008535A3 /* PBXTargetDependency */,
			);
			name = TechPodTests;
			productName = TechPodTests;
			productReference = 391A47B81C8BCC40008535A3 /* TechPodTests.xctest */;
			productType = "com.apple.product-type.bundle.unit-test";
		};
		391A47C21C8BCC40008535A3 /* TechPodUITests */ = {
			isa = PBXNativeTarget;
			buildConfigurationList = 391A47D21C8BCC40008535A3 /* Build configuration list for PBXNativeTarget "TechPodUITests" */;
			buildPhases = (
				391A47BF1C8BCC40008535A3 /* Sources */,
				391A47C01C8BCC40008535A3 /* Frameworks */,
				391A47C11C8BCC40008535A3 /* Resources */,
			);
			buildRules = (
			);
			dependencies = (
				391A47C51C8BCC40008535A3 /* PBXTargetDependency */,
			);
			name = TechPodUITests;
			productName = TechPodUITests;
			productReference = 391A47C31C8BCC40008535A3 /* TechPodUITests.xctest */;
			productType = "com.apple.product-type.bundle.ui-testing";
		};
/* End PBXNativeTarget section */

/* Begin PBXProject section */
		391A479C1C8BCC3F008535A3 /* Project object */ = {
			isa = PBXProject;
			attributes = {
				LastSwiftUpdateCheck = 0720;
				LastUpgradeCheck = 0720;
				ORGANIZATIONNAME = ShinokiRyosei;
				TargetAttributes = {
					391A47A31C8BCC3F008535A3 = {
						CreatedOnToolsVersion = 7.2.1;
					};
					391A47B71C8BCC40008535A3 = {
						CreatedOnToolsVersion = 7.2.1;
						TestTargetID = 391A47A31C8BCC3F008535A3;
					};
					391A47C21C8BCC40008535A3 = {
						CreatedOnToolsVersion = 7.2.1;
						TestTargetID = 391A47A31C8BCC3F008535A3;
					};
				};
			};
			buildConfigurationList = 391A479F1C8BCC3F008535A3 /* Build configuration list for PBXProject "TechPod" */;
			compatibilityVersion = "Xcode 3.2";
			developmentRegion = English;
			hasScannedForEncodings = 0;
			knownRegions = (
				en,
				Base,
			);
			mainGroup = 391A479B1C8BCC3F008535A3;
			productRefGroup = 391A47A51C8BCC3F008535A3 /* Products */;
			projectDirPath = "";
			projectRoot = "";
			targets = (
				391A47A31C8BCC3F008535A3 /* TechPod */,
				391A47B71C8BCC40008535A3 /* TechPodTests */,
				391A47C21C8BCC40008535A3 /* TechPodUITests */,
			);
		};
/* End PBXProject section */

/* Begin PBXResourcesBuildPhase section */
		391A47A21C8BCC3F008535A3 /* Resources */ = {
			isa = PBXResourcesBuildPhase;
			buildActionMask = 2147483647;
			files = (
				391A47B21C8BCC40008535A3 /* LaunchScreen.storyboard in Resources */,
				391A47D81C8BCC95008535A3 /* ListTableViewCell.xib in Resources */,
				393C2E671C8C777500B54F9C /* shut_up_and_dance.jpg in Resources */,
				391A47AF1C8BCC3F008535A3 /* Assets.xcassets in Resources */,
				393C2E5F1C8C73B700B54F9C /* One_way_or_another.mp3 in Resources */,
				393C2E681C8C777500B54F9C /* something_new.jpg in Resources */,
				391A47AD1C8BCC3F008535A3 /* Main.storyboard in Resources */,
				393C2E661C8C777500B54F9C /* one_way_or_another.jpeg in Resources */,
				393C2E611C8C73B700B54F9C /* something_new.mp3 in Resources */,
				393C2E601C8C73B700B54F9C /* shut_up_and_dance.mp3 in Resources */,
			);
			runOnlyForDeploymentPostprocessing = 0;
		};
		391A47B61C8BCC40008535A3 /* Resources */ = {
			isa = PBXResourcesBuildPhase;
			buildActionMask = 2147483647;
			files = (
			);
			runOnlyForDeploymentPostprocessing = 0;
		};
		391A47C11C8BCC40008535A3 /* Resources */ = {
			isa = PBXResourcesBuildPhase;
			buildActionMask = 2147483647;
			files = (
			);
			runOnlyForDeploymentPostprocessing = 0;
		};
/* End PBXResourcesBuildPhase section */

/* Begin PBXSourcesBuildPhase section */
		391A47A01C8BCC3F008535A3 /* Sources */ = {
			isa = PBXSourcesBuildPhase;
			buildActionMask = 2147483647;
			files = (
				391A47AA1C8BCC3F008535A3 /* ViewController.swift in Sources */,
				391A47A81C8BCC3F008535A3 /* AppDelegate.swift in Sources */,
				391A47D71C8BCC95008535A3 /* ListTableViewCell.swift in Sources */,
			);
			runOnlyForDeploymentPostprocessing = 0;
		};
		391A47B41C8BCC40008535A3 /* Sources */ = {
			isa = PBXSourcesBuildPhase;
			buildActionMask = 2147483647;
			files = (
				391A47BD1C8BCC40008535A3 /* TechPodTests.swift in Sources */,
			);
			runOnlyForDeploymentPostprocessing = 0;
		};
		391A47BF1C8BCC40008535A3 /* Sources */ = {
			isa = PBXSourcesBuildPhase;
			buildActionMask = 2147483647;
			files = (
				391A47C81C8BCC40008535A3 /* TechPodUITests.swift in Sources */,
			);
			runOnlyForDeploymentPostprocessing = 0;
		};
/* End PBXSourcesBuildPhase section */

/* Begin PBXTargetDependency section */
		391A47BA1C8BCC40008535A3 /* PBXTargetDependency */ = {
			isa = PBXTargetDependency;
			target = 391A47A31C8BCC3F008535A3 /* TechPod */;
			targetProxy = 391A47B91C8BCC40008535A3 /* PBXContainerItemProxy */;
		};
		391A47C51C8BCC40008535A3 /* PBXTargetDependency */ = {
			isa = PBXTargetDependency;
			target = 391A47A31C8BCC3F008535A3 /* TechPod */;
			targetProxy = 391A47C41C8BCC40008535A3 /* PBXContainerItemProxy */;
		};
/* End PBXTargetDependency section */

/* Begin PBXVariantGroup section */
		391A47AB1C8BCC3F008535A3 /* Main.storyboard */ = {
			isa = PBXVariantGroup;
			children = (
				391A47AC1C8BCC3F008535A3 /* Base */,
			);
			name = Main.storyboard;
			sourceTree = "<group>";
		};
		391A47B01C8BCC40008535A3 /* LaunchScreen.storyboard */ = {
			isa = PBXVariantGroup;
			children = (
				391A47B11C8BCC40008535A3 /* Base */,
			);
			name = LaunchScreen.storyboard;
			sourceTree = "<group>";
		};
/* End PBXVariantGroup section */

/* Begin XCBuildConfiguration section */
		391A47CA1C8BCC40008535A3 /* Debug */ = {
			isa = XCBuildConfiguration;
			buildSettings = {
				ALWAYS_SEARCH_USER_PATHS = NO;
				CLANG_CXX_LANGUAGE_STANDARD = "gnu++0x";
				CLANG_CXX_LIBRARY = "libc++";
				CLANG_ENABLE_MODULES = YES;
				CLANG_ENABLE_OBJC_ARC = YES;
				CLANG_WARN_BOOL_CONVERSION = YES;
				CLANG_WARN_CONSTANT_CONVERSION = YES;
				CLANG_WARN_DIRECT_OBJC_ISA_USAGE = YES_ERROR;
				CLANG_WARN_EMPTY_BODY = YES;
				CLANG_WARN_ENUM_CONVERSION = YES;
				CLANG_WARN_INT_CONVERSION = YES;
				CLANG_WARN_OBJC_ROOT_CLASS = YES_ERROR;
				CLANG_WARN_UNREACHABLE_CODE = YES;
				CLANG_WARN__DUPLICATE_METHOD_MATCH = YES;
				"CODE_SIGN_IDENTITY[sdk=iphoneos*]" = "iPhone Developer";
				COPY_PHASE_STRIP = NO;
				DEBUG_INFORMATION_FORMAT = dwarf;
				ENABLE_STRICT_OBJC_MSGSEND = YES;
				ENABLE_TESTABILITY = YES;
				GCC_C_LANGUAGE_STANDARD = gnu99;
				GCC_DYNAMIC_NO_PIC = NO;
				GCC_NO_COMMON_BLOCKS = YES;
				GCC_OPTIMIZATION_LEVEL = 0;
				GCC_PREPROCESSOR_DEFINITIONS = (
					"DEBUG=1",
					"$(inherited)",
				);
				GCC_WARN_64_TO_32_BIT_CONVERSION = YES;
				GCC_WARN_ABOUT_RETURN_TYPE = YES_ERROR;
				GCC_WARN_UNDECLARED_SELECTOR = YES;
				GCC_WARN_UNINITIALIZED_AUTOS = YES_AGGRESSIVE;
				GCC_WARN_UNUSED_FUNCTION = YES;
				GCC_WARN_UNUSED_VARIABLE = YES;
				IPHONEOS_DEPLOYMENT_TARGET = 9.2;
				MTL_ENABLE_DEBUG_INFO = YES;
				ONLY_ACTIVE_ARCH = YES;
				SDKROOT = iphoneos;
				SWIFT_OPTIMIZATION_LEVEL = "-Onone";
			};
			name = Debug;
		};
		391A47CB1C8BCC40008535A3 /* Release */ = {
			isa = XCBuildConfiguration;
			buildSettings = {
				ALWAYS_SEARCH_USER_PATHS = NO;
				CLANG_CXX_LANGUAGE_STANDARD = "gnu++0x";
				CLANG_CXX_LIBRARY = "libc++";
				CLANG_ENABLE_MODULES = YES;
				CLANG_ENABLE_OBJC_ARC = YES;
				CLANG_WARN_BOOL_CONVERSION = YES;
				CLANG_WARN_CONSTANT_CONVERSION = YES;
				CLANG_WARN_DIRECT_OBJC_ISA_USAGE = YES_ERROR;
				CLANG_WARN_EMPTY_BODY = YES;
				CLANG_WARN_ENUM_CONVERSION = YES;
				CLANG_WARN_INT_CONVERSION = YES;
				CLANG_WARN_OBJC_ROOT_CLASS = YES_ERROR;
				CLANG_WARN_UNREACHABLE_CODE = YES;
				CLANG_WARN__DUPLICATE_METHOD_MATCH = YES;
				"CODE_SIGN_IDENTITY[sdk=iphoneos*]" = "iPhone Developer";
				COPY_PHASE_STRIP = NO;
				DEBUG_INFORMATION_FORMAT = "dwarf-with-dsym";
				ENABLE_NS_ASSERTIONS = NO;
				ENABLE_STRICT_OBJC_MSGSEND = YES;
				GCC_C_LANGUAGE_STANDARD = gnu99;
				GCC_NO_COMMON_BLOCKS = YES;
				GCC_WARN_64_TO_32_BIT_CONVERSION = YES;
				GCC_WARN_ABOUT_RETURN_TYPE = YES_ERROR;
				GCC_WARN_UNDECLARED_SELECTOR = YES;
				GCC_WARN_UNINITIALIZED_AUTOS = YES_AGGRESSIVE;
				GCC_WARN_UNUSED_FUNCTION = YES;
				GCC_WARN_UNUSED_VARIABLE = YES;
				IPHONEOS_DEPLOYMENT_TARGET = 9.2;
				MTL_ENABLE_DEBUG_INFO = NO;
				SDKROOT = iphoneos;
				VALIDATE_PRODUCT = YES;
			};
			name = Release;
		};
		391A47CD1C8BCC40008535A3 /* Debug */ = {
			isa = XCBuildConfiguration;
			buildSettings = {
				ASSETCATALOG_COMPILER_APPICON_NAME = AppIcon;
				INFOPLIST_FILE = TechPod/Info.plist;
				LD_RUNPATH_SEARCH_PATHS = "$(inherited) @executable_path/Frameworks";
				PRODUCT_BUNDLE_IDENTIFIER = jp.co.lifeistech.TechPod;
				PRODUCT_NAME = "$(TARGET_NAME)";
			};
			name = Debug;
		};
		391A47CE1C8BCC40008535A3 /* Release */ = {
			isa = XCBuildConfiguration;
			buildSettings = {
				ASSETCATALOG_COMPILER_APPICON_NAME = AppIcon;
				INFOPLIST_FILE = TechPod/Info.plist;
				LD_RUNPATH_SEARCH_PATHS = "$(inherited) @executable_path/Frameworks";
				PRODUCT_BUNDLE_IDENTIFIER = jp.co.lifeistech.TechPod;
				PRODUCT_NAME = "$(TARGET_NAME)";
			};
			name = Release;
		};
		391A47D01C8BCC40008535A3 /* Debug */ = {
			isa = XCBuildConfiguration;
			buildSettings = {
				BUNDLE_LOADER = "$(TEST_HOST)";
				INFOPLIST_FILE = TechPodTests/Info.plist;
				LD_RUNPATH_SEARCH_PATHS = "$(inherited) @executable_path/Frameworks @loader_path/Frameworks";
				PRODUCT_BUNDLE_IDENTIFIER = jp.co.lifeistech.TechPodTests;
				PRODUCT_NAME = "$(TARGET_NAME)";
				TEST_HOST = "$(BUILT_PRODUCTS_DIR)/TechPod.app/TechPod";
			};
			name = Debug;
		};
		391A47D11C8BCC40008535A3 /* Release */ = {
			isa = XCBuildConfiguration;
			buildSettings = {
				BUNDLE_LOADER = "$(TEST_HOST)";
				INFOPLIST_FILE = TechPodTests/Info.plist;
				LD_RUNPATH_SEARCH_PATHS = "$(inherited) @executable_path/Frameworks @loader_path/Frameworks";
				PRODUCT_BUNDLE_IDENTIFIER = jp.co.lifeistech.TechPodTests;
				PRODUCT_NAME = "$(TARGET_NAME)";
				TEST_HOST = "$(BUILT_PRODUCTS_DIR)/TechPod.app/TechPod";
			};
			name = Release;
		};
		391A47D31C8BCC40008535A3 /* Debug */ = {
			isa = XCBuildConfiguration;
			buildSettings = {
				INFOPLIST_FILE = TechPodUITests/Info.plist;
				LD_RUNPATH_SEARCH_PATHS = "$(inherited) @executable_path/Frameworks @loader_path/Frameworks";
				PRODUCT_BUNDLE_IDENTIFIER = jp.co.lifeistech.TechPodUITests;
				PRODUCT_NAME = "$(TARGET_NAME)";
				TEST_TARGET_NAME = TechPod;
				USES_XCTRUNNER = YES;
			};
			name = Debug;
		};
		391A47D41C8BCC40008535A3 /* Release */ = {
			isa = XCBuildConfiguration;
			buildSettings = {
				INFOPLIST_FILE = TechPodUITests/Info.plist;
				LD_RUNPATH_SEARCH_PATHS = "$(inherited) @executable_path/Frameworks @loader_path/Frameworks";
				PRODUCT_BUNDLE_IDENTIFIER = jp.co.lifeistech.TechPodUITests;
				PRODUCT_NAME = "$(TARGET_NAME)";
				TEST_TARGET_NAME = TechPod;
				USES_XCTRUNNER = YES;
			};
			name = Release;
		};
/* End XCBuildConfiguration section */

/* Begin XCConfigurationList section */
		391A479F1C8BCC3F008535A3 /* Build configuration list for PBXProject "TechPod" */ = {
			isa = XCConfigurationList;
			buildConfigurations = (
				391A47CA1C8BCC40008535A3 /* Debug */,
				391A47CB1C8BCC40008535A3 /* Release */,
			);
			defaultConfigurationIsVisible = 0;
			defaultConfigurationName = Release;
		};
		391A47CC1C8BCC40008535A3 /* Build configuration list for PBXNativeTarget "TechPod" */ = {
			isa = XCConfigurationList;
			buildConfigurations = (
				391A47CD1C8BCC40008535A3 /* Debug */,
				391A47CE1C8BCC40008535A3 /* Release */,
			);
			defaultConfigurationIsVisible = 0;
			defaultConfigurationName = Release;
		};
		391A47CF1C8BCC40008535A3 /* Build configuration list for PBXNativeTarget "TechPodTests" */ = {
			isa = XCConfigurationList;
			buildConfigurations = (
				391A47D01C8BCC40008535A3 /* Debug */,
				391A47D11C8BCC40008535A3 /* Release */,
			);
			defaultConfigurationIsVisible = 0;
			defaultConfigurationName = Release;
		};
		391A47D21C8BCC40008535A3 /* Build configuration list for PBXNativeTarget "TechPodUITests" */ = {
			isa = XCConfigurationList;
			buildConfigurations = (
				391A47D31C8BCC40008535A3 /* Debug */,
				391A47D41C8BCC40008535A3 /* Release */,
			);
			defaultConfigurationIsVisible = 0;
			defaultConfigurationName = Release;
		};
/* End XCConfigurationList section */
	};
	rootObject = 391A479C1C8BCC3F008535A3 /* Project object */;
}
